// !$*UTF8*$!
{
	archiveVersion = 1;
	classes = {
	};
	objectVersion = 77;
	objects = {

/* Begin PBXBuildFile section */
		FE2F6E252EF0939900059D10 /* TrackerDataModel.xcdatamodeld .xcdatamodeld in Sources */ = {isa = PBXBuildFile; fileRef = FE2F6E232EF0939900059D10 /* TrackerDataModel.xcdatamodeld .xcdatamodeld */; };
		FE9671512EF09B0A0015C4F8 /* NewTrackerState.swift in Sources */ = {isa = PBXBuildFile; fileRef = FE96712A2EF09B0A0015C4F8 /* NewTrackerState.swift */; };
		FE9671522EF09B0A0015C4F8 /* ScheduleCellDelegate.swift in Sources */ = {isa = PBXBuildFile; fileRef = FE9671462EF09B0A0015C4F8 /* ScheduleCellDelegate.swift */; };
		FE9671532EF09B0A0015C4F8 /* StatisticsViewController.swift in Sources */ = {isa = PBXBuildFile; fileRef = FE96713B2EF09B0A0015C4F8 /* StatisticsViewController.swift */; };
		FE9671542EF09B0A0015C4F8 /* ScheduleViewController.swift in Sources */ = {isa = PBXBuildFile; fileRef = FE9671392EF09B0A0015C4F8 /* ScheduleViewController.swift */; };
		FE9671552EF09B0A0015C4F8 /* EnterNameCellDelegate.swift in Sources */ = {isa = PBXBuildFile; fileRef = FE9671442EF09B0A0015C4F8 /* EnterNameCellDelegate.swift */; };
		FE9671562EF09B0A0015C4F8 /* AppDelegate.swift in Sources */ = {isa = PBXBuildFile; fileRef = FE9671202EF09B0A0015C4F8 /* AppDelegate.swift */; };
		FE9671572EF09B0A0015C4F8 /* TrackerCategory.swift in Sources */ = {isa = PBXBuildFile; fileRef = FE96712C2EF09B0A0015C4F8 /* TrackerCategory.swift */; };
		FE9671582EF09B0A0015C4F8 /* SceneDelegate.swift in Sources */ = {isa = PBXBuildFile; fileRef = FE9671212EF09B0A0015C4F8 /* SceneDelegate.swift */; };
		FE96715A2EF09B0A0015C4F8 /* EnterNameCell.swift in Sources */ = {isa = PBXBuildFile; fileRef = FE9671342EF09B0A0015C4F8 /* EnterNameCell.swift */; };
		FE96715B2EF09B0A0015C4F8 /* UIViewExtensions.swift in Sources */ = {isa = PBXBuildFile; fileRef = FE9671262EF09B0A0015C4F8 /* UIViewExtensions.swift */; };
		FE96715C2EF09B0A0015C4F8 /* DateExtensions.swift in Sources */ = {isa = PBXBuildFile; fileRef = FE9671232EF09B0A0015C4F8 /* DateExtensions.swift */; };
		FE96715D2EF09B0A0015C4F8 /* EmojiCollectionCell.swift in Sources */ = {isa = PBXBuildFile; fileRef = FE9671332EF09B0A0015C4F8 /* EmojiCollectionCell.swift */; };
		FE96715F2EF09B0A0015C4F8 /* Tracker.swift in Sources */ = {isa = PBXBuildFile; fileRef = FE96712B2EF09B0A0015C4F8 /* Tracker.swift */; };
		FE9671602EF09B0A0015C4F8 /* NewTrackerParameter.swift in Sources */ = {isa = PBXBuildFile; fileRef = FE9671292EF09B0A0015C4F8 /* NewTrackerParameter.swift */; };
		FE9671612EF09B0A0015C4F8 /* ColorCollectionCell.swift in Sources */ = {isa = PBXBuildFile; fileRef = FE9671302EF09B0A0015C4F8 /* ColorCollectionCell.swift */; };
		FE9671622EF09B0A0015C4F8 /* ParameterCell.swift in Sources */ = {isa = PBXBuildFile; fileRef = FE9671362EF09B0A0015C4F8 /* ParameterCell.swift */; };
		FE9671632EF09B0A0015C4F8 /* LayoutParams.swift in Sources */ = {isa = PBXBuildFile; fileRef = FE9671282EF09B0A0015C4F8 /* LayoutParams.swift */; };
		FE9671642EF09B0A0015C4F8 /* NewTrackerViewController.swift in Sources */ = {isa = PBXBuildFile; fileRef = FE9671352EF09B0A0015C4F8 /* NewTrackerViewController.swift */; };
		FE9671652EF09B0A0015C4F8 /* TrackersListViewController.swift in Sources */ = {isa = PBXBuildFile; fileRef = FE9671412EF09B0A0015C4F8 /* TrackersListViewController.swift */; };
		FE9671662EF09B0A0015C4F8 /* ScheduleViewControllerDelegate.swift in Sources */ = {isa = PBXBuildFile; fileRef = FE9671472EF09B0A0015C4F8 /* ScheduleViewControllerDelegate.swift */; };
		FE9671672EF09B0A0015C4F8 /* TrackerCellDelegate.swift in Sources */ = {isa = PBXBuildFile; fileRef = FE9671482EF09B0A0015C4F8 /* TrackerCellDelegate.swift */; };
		FE9671682EF09B0A0015C4F8 /* TrackerCell.swift in Sources */ = {isa = PBXBuildFile; fileRef = FE9671402EF09B0A0015C4F8 /* TrackerCell.swift */; };
		FE9671692EF09B0A0015C4F8 /* MainTabBarController.swift in Sources */ = {isa = PBXBuildFile; fileRef = FE96713D2EF09B0A0015C4F8 /* MainTabBarController.swift */; };
		FE96716A2EF09B0A0015C4F8 /* CustomizationCell.swift in Sources */ = {isa = PBXBuildFile; fileRef = FE9671312EF09B0A0015C4F8 /* CustomizationCell.swift */; };
		FE96716B2EF09B0A0015C4F8 /* CustomizationHeaderView.swift in Sources */ = {isa = PBXBuildFile; fileRef = FE9671322EF09B0A0015C4F8 /* CustomizationHeaderView.swift */; };
		FE96716C2EF09B0A0015C4F8 /* NewTrackerViewControllerDelegate.swift in Sources */ = {isa = PBXBuildFile; fileRef = FE9671452EF09B0A0015C4F8 /* NewTrackerViewControllerDelegate.swift */; };
		FE96716D2EF09B0A0015C4F8 /* UIViewController+presentSimpleAlert.swift in Sources */ = {isa = PBXBuildFile; fileRef = FE9671252EF09B0A0015C4F8 /* UIViewController+presentSimpleAlert.swift */; };
		FE96716E2EF09B0A0015C4F8 /* ScheduleCell.swift in Sources */ = {isa = PBXBuildFile; fileRef = FE9671382EF09B0A0015C4F8 /* ScheduleCell.swift */; };
		FE96716F2EF09B0A0015C4F8 /* Weekday.swift in Sources */ = {isa = PBXBuildFile; fileRef = FE96712E2EF09B0A0015C4F8 /* Weekday.swift */; };
		FE9671702EF09B0A0015C4F8 /* TrackerCategoryHeader.swift in Sources */ = {isa = PBXBuildFile; fileRef = FE96713F2EF09B0A0015C4F8 /* TrackerCategoryHeader.swift */; };
		FE9671712EF09B0A0015C4F8 /* TrackerRecord.swift in Sources */ = {isa = PBXBuildFile; fileRef = FE96712D2EF09B0A0015C4F8 /* TrackerRecord.swift */; };
		FE9671722EF09B0A0015C4F8 /* Sequence+disableAutoresizingMasks.swift in Sources */ = {isa = PBXBuildFile; fileRef = FE9671242EF09B0A0015C4F8 /* Sequence+disableAutoresizingMasks.swift */; };
		FE9671732EF09B0A0015C4F8 /* Main.storyboard in Resources */ = {isa = PBXBuildFile; fileRef = FE96714D2EF09B0A0015C4F8 /* Main.storyboard */; };
		FE9671742EF09B0A0015C4F8 /* Assets.xcassets in Resources */ = {isa = PBXBuildFile; fileRef = FE96714A2EF09B0A0015C4F8 /* Assets.xcassets */; };
		FE9671782EF09B810015C4F8 /* CoreDataStack.swift in Sources */ = {isa = PBXBuildFile; fileRef = FE9671772EF09B7D0015C4F8 /* CoreDataStack.swift */; };
		FE96717E2EF0A0D30015C4F8 /* TrackerStore.swift in Sources */ = {isa = PBXBuildFile; fileRef = FE96717D2EF0A0D00015C4F8 /* TrackerStore.swift */; };
		FE9671802EF0A0E70015C4F8 /* TrackerCategoryStore.swift in Sources */ = {isa = PBXBuildFile; fileRef = FE96717F2EF0A0E40015C4F8 /* TrackerCategoryStore.swift */; };
		FE9671822EF0A0F40015C4F8 /* TrackerRecordStore.swift in Sources */ = {isa = PBXBuildFile; fileRef = FE9671812EF0A0F20015C4F8 /* TrackerRecordStore.swift */; };
		FE9671842EF0A8680015C4F8 /* StoreUpdate.swift in Sources */ = {isa = PBXBuildFile; fileRef = FE9671832EF0A8650015C4F8 /* StoreUpdate.swift */; };
		FE9671882EF0A88C0015C4F8 /* TrackerStoreDelegate.swift in Sources */ = {isa = PBXBuildFile; fileRef = FE9671872EF0A88A0015C4F8 /* TrackerStoreDelegate.swift */; };
		FE96718B2EF0A9FE0015C4F8 /* StoreUpdateDelegate.swift in Sources */ = {isa = PBXBuildFile; fileRef = FE96718A2EF0A9FD0015C4F8 /* StoreUpdateDelegate.swift */; };
/* End PBXBuildFile section */

/* Begin PBXContainerItemProxy section */
		FECA50E62ECCC7F80086F1E1 /* PBXContainerItemProxy */ = {
			isa = PBXContainerItemProxy;
			containerPortal = FECA50C72ECCC7ED0086F1E1 /* Project object */;
			proxyType = 1;
			remoteGlobalIDString = FECA50CE2ECCC7ED0086F1E1;
			remoteInfo = Tracker;
		};
		FECA50F02ECCC7F90086F1E1 /* PBXContainerItemProxy */ = {
			isa = PBXContainerItemProxy;
			containerPortal = FECA50C72ECCC7ED0086F1E1 /* Project object */;
			proxyType = 1;
			remoteGlobalIDString = FECA50CE2ECCC7ED0086F1E1;
			remoteInfo = Tracker;
		};
/* End PBXContainerItemProxy section */

/* Begin PBXFileReference section */
		FE2F6E242EF0939900059D10 /* TrackerDataModel.xcdatamodeld .xcdatamodel */ = {isa = PBXFileReference; lastKnownFileType = wrapper.xcdatamodel; path = "TrackerDataModel.xcdatamodeld .xcdatamodel"; sourceTree = "<group>"; };
		FE9671202EF09B0A0015C4F8 /* AppDelegate.swift */ = {isa = PBXFileReference; lastKnownFileType = sourcecode.swift; path = AppDelegate.swift; sourceTree = "<group>"; };
		FE9671212EF09B0A0015C4F8 /* SceneDelegate.swift */ = {isa = PBXFileReference; lastKnownFileType = sourcecode.swift; path = SceneDelegate.swift; sourceTree = "<group>"; };
		FE9671232EF09B0A0015C4F8 /* DateExtensions.swift */ = {isa = PBXFileReference; lastKnownFileType = sourcecode.swift; path = DateExtensions.swift; sourceTree = "<group>"; };
		FE9671242EF09B0A0015C4F8 /* Sequence+disableAutoresizingMasks.swift */ = {isa = PBXFileReference; lastKnownFileType = sourcecode.swift; path = "Sequence+disableAutoresizingMasks.swift"; sourceTree = "<group>"; };
		FE9671252EF09B0A0015C4F8 /* UIViewController+presentSimpleAlert.swift */ = {isa = PBXFileReference; lastKnownFileType = sourcecode.swift; path = "UIViewController+presentSimpleAlert.swift"; sourceTree = "<group>"; };
		FE9671262EF09B0A0015C4F8 /* UIViewExtensions.swift */ = {isa = PBXFileReference; lastKnownFileType = sourcecode.swift; path = UIViewExtensions.swift; sourceTree = "<group>"; };
		FE9671282EF09B0A0015C4F8 /* LayoutParams.swift */ = {isa = PBXFileReference; lastKnownFileType = sourcecode.swift; path = LayoutParams.swift; sourceTree = "<group>"; };
		FE9671292EF09B0A0015C4F8 /* NewTrackerParameter.swift */ = {isa = PBXFileReference; lastKnownFileType = sourcecode.swift; path = NewTrackerParameter.swift; sourceTree = "<group>"; };
		FE96712A2EF09B0A0015C4F8 /* NewTrackerState.swift */ = {isa = PBXFileReference; lastKnownFileType = sourcecode.swift; path = NewTrackerState.swift; sourceTree = "<group>"; };
		FE96712B2EF09B0A0015C4F8 /* Tracker.swift */ = {isa = PBXFileReference; lastKnownFileType = sourcecode.swift; path = Tracker.swift; sourceTree = "<group>"; };
		FE96712C2EF09B0A0015C4F8 /* TrackerCategory.swift */ = {isa = PBXFileReference; lastKnownFileType = sourcecode.swift; path = TrackerCategory.swift; sourceTree = "<group>"; };
		FE96712D2EF09B0A0015C4F8 /* TrackerRecord.swift */ = {isa = PBXFileReference; lastKnownFileType = sourcecode.swift; path = TrackerRecord.swift; sourceTree = "<group>"; };
		FE96712E2EF09B0A0015C4F8 /* Weekday.swift */ = {isa = PBXFileReference; lastKnownFileType = sourcecode.swift; path = Weekday.swift; sourceTree = "<group>"; };
		FE9671302EF09B0A0015C4F8 /* ColorCollectionCell.swift */ = {isa = PBXFileReference; lastKnownFileType = sourcecode.swift; path = ColorCollectionCell.swift; sourceTree = "<group>"; };
		FE9671312EF09B0A0015C4F8 /* CustomizationCell.swift */ = {isa = PBXFileReference; lastKnownFileType = sourcecode.swift; path = CustomizationCell.swift; sourceTree = "<group>"; };
		FE9671322EF09B0A0015C4F8 /* CustomizationHeaderView.swift */ = {isa = PBXFileReference; lastKnownFileType = sourcecode.swift; path = CustomizationHeaderView.swift; sourceTree = "<group>"; };
		FE9671332EF09B0A0015C4F8 /* EmojiCollectionCell.swift */ = {isa = PBXFileReference; lastKnownFileType = sourcecode.swift; path = EmojiCollectionCell.swift; sourceTree = "<group>"; };
		FE9671342EF09B0A0015C4F8 /* EnterNameCell.swift */ = {isa = PBXFileReference; lastKnownFileType = sourcecode.swift; path = EnterNameCell.swift; sourceTree = "<group>"; };
		FE9671352EF09B0A0015C4F8 /* NewTrackerViewController.swift */ = {isa = PBXFileReference; lastKnownFileType = sourcecode.swift; path = NewTrackerViewController.swift; sourceTree = "<group>"; };
		FE9671362EF09B0A0015C4F8 /* ParameterCell.swift */ = {isa = PBXFileReference; lastKnownFileType = sourcecode.swift; path = ParameterCell.swift; sourceTree = "<group>"; };
		FE9671382EF09B0A0015C4F8 /* ScheduleCell.swift */ = {isa = PBXFileReference; lastKnownFileType = sourcecode.swift; path = ScheduleCell.swift; sourceTree = "<group>"; };
		FE9671392EF09B0A0015C4F8 /* ScheduleViewController.swift */ = {isa = PBXFileReference; lastKnownFileType = sourcecode.swift; path = ScheduleViewController.swift; sourceTree = "<group>"; };
		FE96713B2EF09B0A0015C4F8 /* StatisticsViewController.swift */ = {isa = PBXFileReference; lastKnownFileType = sourcecode.swift; path = StatisticsViewController.swift; sourceTree = "<group>"; };
		FE96713D2EF09B0A0015C4F8 /* MainTabBarController.swift */ = {isa = PBXFileReference; lastKnownFileType = sourcecode.swift; path = MainTabBarController.swift; sourceTree = "<group>"; };
		FE96713F2EF09B0A0015C4F8 /* TrackerCategoryHeader.swift */ = {isa = PBXFileReference; lastKnownFileType = sourcecode.swift; path = TrackerCategoryHeader.swift; sourceTree = "<group>"; };
		FE9671402EF09B0A0015C4F8 /* TrackerCell.swift */ = {isa = PBXFileReference; lastKnownFileType = sourcecode.swift; path = TrackerCell.swift; sourceTree = "<group>"; };
		FE9671412EF09B0A0015C4F8 /* TrackersListViewController.swift */ = {isa = PBXFileReference; lastKnownFileType = sourcecode.swift; path = TrackersListViewController.swift; sourceTree = "<group>"; };
		FE9671442EF09B0A0015C4F8 /* EnterNameCellDelegate.swift */ = {isa = PBXFileReference; lastKnownFileType = sourcecode.swift; path = EnterNameCellDelegate.swift; sourceTree = "<group>"; };
		FE9671452EF09B0A0015C4F8 /* NewTrackerViewControllerDelegate.swift */ = {isa = PBXFileReference; lastKnownFileType = sourcecode.swift; path = NewTrackerViewControllerDelegate.swift; sourceTree = "<group>"; };
		FE9671462EF09B0A0015C4F8 /* ScheduleCellDelegate.swift */ = {isa = PBXFileReference; lastKnownFileType = sourcecode.swift; path = ScheduleCellDelegate.swift; sourceTree = "<group>"; };
		FE9671472EF09B0A0015C4F8 /* ScheduleViewControllerDelegate.swift */ = {isa = PBXFileReference; lastKnownFileType = sourcecode.swift; path = ScheduleViewControllerDelegate.swift; sourceTree = "<group>"; };
		FE9671482EF09B0A0015C4F8 /* TrackerCellDelegate.swift */ = {isa = PBXFileReference; lastKnownFileType = sourcecode.swift; path = TrackerCellDelegate.swift; sourceTree = "<group>"; };
		FE96714A2EF09B0A0015C4F8 /* Assets.xcassets */ = {isa = PBXFileReference; lastKnownFileType = folder.assetcatalog; path = Assets.xcassets; sourceTree = "<group>"; };
		FE96714B2EF09B0A0015C4F8 /* Info.plist */ = {isa = PBXFileReference; lastKnownFileType = text.plist.xml; path = Info.plist; sourceTree = "<group>"; };
		FE96714C2EF09B0A0015C4F8 /* Base */ = {isa = PBXFileReference; lastKnownFileType = file.storyboard; name = Base; path = Base.lproj/Main.storyboard; sourceTree = "<group>"; };
		FE9671772EF09B7D0015C4F8 /* CoreDataStack.swift */ = {isa = PBXFileReference; lastKnownFileType = sourcecode.swift; path = CoreDataStack.swift; sourceTree = "<group>"; };
		FE96717D2EF0A0D00015C4F8 /* TrackerStore.swift */ = {isa = PBXFileReference; lastKnownFileType = sourcecode.swift; path = TrackerStore.swift; sourceTree = "<group>"; };
		FE96717F2EF0A0E40015C4F8 /* TrackerCategoryStore.swift */ = {isa = PBXFileReference; lastKnownFileType = sourcecode.swift; path = TrackerCategoryStore.swift; sourceTree = "<group>"; };
		FE9671812EF0A0F20015C4F8 /* TrackerRecordStore.swift */ = {isa = PBXFileReference; lastKnownFileType = sourcecode.swift; path = TrackerRecordStore.swift; sourceTree = "<group>"; };
		FE9671832EF0A8650015C4F8 /* StoreUpdate.swift */ = {isa = PBXFileReference; lastKnownFileType = sourcecode.swift; path = StoreUpdate.swift; sourceTree = "<group>"; };
		FE9671872EF0A88A0015C4F8 /* TrackerStoreDelegate.swift */ = {isa = PBXFileReference; lastKnownFileType = sourcecode.swift; path = TrackerStoreDelegate.swift; sourceTree = "<group>"; };
		FE96718A2EF0A9FD0015C4F8 /* StoreUpdateDelegate.swift */ = {isa = PBXFileReference; lastKnownFileType = sourcecode.swift; path = StoreUpdateDelegate.swift; sourceTree = "<group>"; };
		FECA50CF2ECCC7ED0086F1E1 /* Tracker.app */ = {isa = PBXFileReference; explicitFileType = wrapper.application; includeInIndex = 0; path = Tracker.app; sourceTree = BUILT_PRODUCTS_DIR; };
		FECA50E52ECCC7F80086F1E1 /* TrackerTests.xctest */ = {isa = PBXFileReference; explicitFileType = wrapper.cfbundle; includeInIndex = 0; path = TrackerTests.xctest; sourceTree = BUILT_PRODUCTS_DIR; };
		FECA50EF2ECCC7F90086F1E1 /* TrackerUITests.xctest */ = {isa = PBXFileReference; explicitFileType = wrapper.cfbundle; includeInIndex = 0; path = TrackerUITests.xctest; sourceTree = BUILT_PRODUCTS_DIR; };
/* End PBXFileReference section */

/* Begin PBXFileSystemSynchronizedRootGroup section */
		FECA50E82ECCC7F90086F1E1 /* TrackerTests */ = {
			isa = PBXFileSystemSynchronizedRootGroup;
			path = TrackerTests;
			sourceTree = "<group>";
		};
		FECA50F22ECCC7F90086F1E1 /* TrackerUITests */ = {
			isa = PBXFileSystemSynchronizedRootGroup;
			path = TrackerUITests;
			sourceTree = "<group>";
		};
/* End PBXFileSystemSynchronizedRootGroup section */

/* Begin PBXFrameworksBuildPhase section */
		FECA50CC2ECCC7ED0086F1E1 /* Frameworks */ = {
			isa = PBXFrameworksBuildPhase;
			buildActionMask = 2147483647;
			files = (
			);
			runOnlyForDeploymentPostprocessing = 0;
		};
		FECA50E22ECCC7F80086F1E1 /* Frameworks */ = {
			isa = PBXFrameworksBuildPhase;
			buildActionMask = 2147483647;
			files = (
			);
			runOnlyForDeploymentPostprocessing = 0;
		};
		FECA50EC2ECCC7F90086F1E1 /* Frameworks */ = {
			isa = PBXFrameworksBuildPhase;
			buildActionMask = 2147483647;
			files = (
			);
			runOnlyForDeploymentPostprocessing = 0;
		};
/* End PBXFrameworksBuildPhase section */

/* Begin PBXGroup section */
		FE9671222EF09B0A0015C4F8 /* App */ = {
			isa = PBXGroup;
			children = (
				FE9671202EF09B0A0015C4F8 /* AppDelegate.swift */,
				FE9671212EF09B0A0015C4F8 /* SceneDelegate.swift */,
			);
			path = App;
			sourceTree = "<group>";
		};
		FE9671272EF09B0A0015C4F8 /* Extensions */ = {
			isa = PBXGroup;
			children = (
				FE9671232EF09B0A0015C4F8 /* DateExtensions.swift */,
				FE9671242EF09B0A0015C4F8 /* Sequence+disableAutoresizingMasks.swift */,
				FE9671252EF09B0A0015C4F8 /* UIViewController+presentSimpleAlert.swift */,
				FE9671262EF09B0A0015C4F8 /* UIViewExtensions.swift */,
			);
			path = Extensions;
			sourceTree = "<group>";
		};
		FE96712F2EF09B0A0015C4F8 /* Models */ = {
			isa = PBXGroup;
			children = (
				FE9671282EF09B0A0015C4F8 /* LayoutParams.swift */,
				FE9671292EF09B0A0015C4F8 /* NewTrackerParameter.swift */,
				FE96712A2EF09B0A0015C4F8 /* NewTrackerState.swift */,
				FE96712B2EF09B0A0015C4F8 /* Tracker.swift */,
				FE96712C2EF09B0A0015C4F8 /* TrackerCategory.swift */,
				FE96712D2EF09B0A0015C4F8 /* TrackerRecord.swift */,
				FE96712E2EF09B0A0015C4F8 /* Weekday.swift */,
			);
			path = Models;
			sourceTree = "<group>";
		};
		FE9671372EF09B0A0015C4F8 /* NewTracker */ = {
			isa = PBXGroup;
			children = (
				FE9671302EF09B0A0015C4F8 /* ColorCollectionCell.swift */,
				FE9671312EF09B0A0015C4F8 /* CustomizationCell.swift */,
				FE9671322EF09B0A0015C4F8 /* CustomizationHeaderView.swift */,
				FE9671332EF09B0A0015C4F8 /* EmojiCollectionCell.swift */,
				FE9671342EF09B0A0015C4F8 /* EnterNameCell.swift */,
				FE9671352EF09B0A0015C4F8 /* NewTrackerViewController.swift */,
				FE9671362EF09B0A0015C4F8 /* ParameterCell.swift */,
			);
			path = NewTracker;
			sourceTree = "<group>";
		};
		FE96713A2EF09B0A0015C4F8 /* Schedule */ = {
			isa = PBXGroup;
			children = (
				FE9671382EF09B0A0015C4F8 /* ScheduleCell.swift */,
				FE9671392EF09B0A0015C4F8 /* ScheduleViewController.swift */,
			);
			path = Schedule;
			sourceTree = "<group>";
		};
		FE96713C2EF09B0A0015C4F8 /* Statistics */ = {
			isa = PBXGroup;
			children = (
				FE96713B2EF09B0A0015C4F8 /* StatisticsViewController.swift */,
			);
			path = Statistics;
			sourceTree = "<group>";
		};
		FE96713E2EF09B0A0015C4F8 /* TabBar */ = {
			isa = PBXGroup;
			children = (
				FE96713D2EF09B0A0015C4F8 /* MainTabBarController.swift */,
			);
			path = TabBar;
			sourceTree = "<group>";
		};
		FE9671422EF09B0A0015C4F8 /* TrackersList */ = {
			isa = PBXGroup;
			children = (
				FE96713F2EF09B0A0015C4F8 /* TrackerCategoryHeader.swift */,
				FE9671402EF09B0A0015C4F8 /* TrackerCell.swift */,
				FE9671412EF09B0A0015C4F8 /* TrackersListViewController.swift */,
			);
			path = TrackersList;
			sourceTree = "<group>";
		};
		FE9671432EF09B0A0015C4F8 /* Presentation */ = {
			isa = PBXGroup;
			children = (
				FE9671372EF09B0A0015C4F8 /* NewTracker */,
				FE96713A2EF09B0A0015C4F8 /* Schedule */,
				FE96713C2EF09B0A0015C4F8 /* Statistics */,
				FE96713E2EF09B0A0015C4F8 /* TabBar */,
				FE9671422EF09B0A0015C4F8 /* TrackersList */,
			);
			path = Presentation;
			sourceTree = "<group>";
		};
		FE9671492EF09B0A0015C4F8 /* Protocols */ = {
			isa = PBXGroup;
			children = (
				FE9671442EF09B0A0015C4F8 /* EnterNameCellDelegate.swift */,
				FE9671452EF09B0A0015C4F8 /* NewTrackerViewControllerDelegate.swift */,
				FE9671462EF09B0A0015C4F8 /* ScheduleCellDelegate.swift */,
				FE9671472EF09B0A0015C4F8 /* ScheduleViewControllerDelegate.swift */,
				FE9671482EF09B0A0015C4F8 /* TrackerCellDelegate.swift */,
			);
			path = Protocols;
			sourceTree = "<group>";
		};
		FE9671502EF09B0A0015C4F8 /* Tracker */ = {
			isa = PBXGroup;
			children = (
				FE96717C2EF0A0B30015C4F8 /* Store */,
				FE9671762EF09B150015C4F8 /* CoreDate */,
				FE9671222EF09B0A0015C4F8 /* App */,
				FE9671272EF09B0A0015C4F8 /* Extensions */,
				FE96712F2EF09B0A0015C4F8 /* Models */,
				FE9671432EF09B0A0015C4F8 /* Presentation */,
				FE9671492EF09B0A0015C4F8 /* Protocols */,
				FE96714A2EF09B0A0015C4F8 /* Assets.xcassets */,
				FE96714B2EF09B0A0015C4F8 /* Info.plist */,
				FE96714D2EF09B0A0015C4F8 /* Main.storyboard */,
			);
			path = Tracker;
			sourceTree = "<group>";
		};
		FE9671762EF09B150015C4F8 /* CoreDate */ = {
			isa = PBXGroup;
			children = (
				FE9671772EF09B7D0015C4F8 /* CoreDataStack.swift */,
				FE2F6E232EF0939900059D10 /* TrackerDataModel.xcdatamodeld .xcdatamodeld */,
			);
			path = CoreDate;
			sourceTree = "<group>";
		};
		FE96717C2EF0A0B30015C4F8 /* Store */ = {
			isa = PBXGroup;
			children = (
				FE96718A2EF0A9FD0015C4F8 /* StoreUpdateDelegate.swift */,
				FE9671872EF0A88A0015C4F8 /* TrackerStoreDelegate.swift */,
				FE9671832EF0A8650015C4F8 /* StoreUpdate.swift */,
				FE9671812EF0A0F20015C4F8 /* TrackerRecordStore.swift */,
				FE96717F2EF0A0E40015C4F8 /* TrackerCategoryStore.swift */,
				FE96717D2EF0A0D00015C4F8 /* TrackerStore.swift */,
			);
			path = Store;
			sourceTree = "<group>";
		};
		FECA50C62ECCC7ED0086F1E1 = {
			isa = PBXGroup;
			children = (
				FE9671502EF09B0A0015C4F8 /* Tracker */,
				FECA50E82ECCC7F90086F1E1 /* TrackerTests */,
				FECA50F22ECCC7F90086F1E1 /* TrackerUITests */,
				FECA50D02ECCC7ED0086F1E1 /* Products */,
			);
			sourceTree = "<group>";
		};
		FECA50D02ECCC7ED0086F1E1 /* Products */ = {
			isa = PBXGroup;
			children = (
				FECA50CF2ECCC7ED0086F1E1 /* Tracker.app */,
				FECA50E52ECCC7F80086F1E1 /* TrackerTests.xctest */,
				FECA50EF2ECCC7F90086F1E1 /* TrackerUITests.xctest */,
			);
			name = Products;
			sourceTree = "<group>";
		};
/* End PBXGroup section */

/* Begin PBXNativeTarget section */
		FECA50CE2ECCC7ED0086F1E1 /* Tracker */ = {
			isa = PBXNativeTarget;
			buildConfigurationList = FECA50F82ECCC7F90086F1E1 /* Build configuration list for PBXNativeTarget "Tracker" */;
			buildPhases = (
				FECA50CB2ECCC7ED0086F1E1 /* Sources */,
				FECA50CC2ECCC7ED0086F1E1 /* Frameworks */,
				FECA50CD2ECCC7ED0086F1E1 /* Resources */,
			);
			buildRules = (
			);
			dependencies = (
			);
			name = Tracker;
			packageProductDependencies = (
			);
			productName = Tracker;
			productReference = FECA50CF2ECCC7ED0086F1E1 /* Tracker.app */;
			productType = "com.apple.product-type.application";
		};
		FECA50E42ECCC7F80086F1E1 /* TrackerTests */ = {
			isa = PBXNativeTarget;
			buildConfigurationList = FECA50FD2ECCC7F90086F1E1 /* Build configuration list for PBXNativeTarget "TrackerTests" */;
			buildPhases = (
				FECA50E12ECCC7F80086F1E1 /* Sources */,
				FECA50E22ECCC7F80086F1E1 /* Frameworks */,
				FECA50E32ECCC7F80086F1E1 /* Resources */,
			);
			buildRules = (
			);
			dependencies = (
				FECA50E72ECCC7F80086F1E1 /* PBXTargetDependency */,
			);
			fileSystemSynchronizedGroups = (
				FECA50E82ECCC7F90086F1E1 /* TrackerTests */,
			);
			name = TrackerTests;
			packageProductDependencies = (
			);
			productName = TrackerTests;
			productReference = FECA50E52ECCC7F80086F1E1 /* TrackerTests.xctest */;
			productType = "com.apple.product-type.bundle.unit-test";
		};
		FECA50EE2ECCC7F90086F1E1 /* TrackerUITests */ = {
			isa = PBXNativeTarget;
			buildConfigurationList = FECA51002ECCC7F90086F1E1 /* Build configuration list for PBXNativeTarget "TrackerUITests" */;
			buildPhases = (
				FECA50EB2ECCC7F90086F1E1 /* Sources */,
				FECA50EC2ECCC7F90086F1E1 /* Frameworks */,
				FECA50ED2ECCC7F90086F1E1 /* Resources */,
			);
			buildRules = (
			);
			dependencies = (
				FECA50F12ECCC7F90086F1E1 /* PBXTargetDependency */,
			);
			fileSystemSynchronizedGroups = (
				FECA50F22ECCC7F90086F1E1 /* TrackerUITests */,
			);
			name = TrackerUITests;
			packageProductDependencies = (
			);
			productName = TrackerUITests;
			productReference = FECA50EF2ECCC7F90086F1E1 /* TrackerUITests.xctest */;
			productType = "com.apple.product-type.bundle.ui-testing";
		};
/* End PBXNativeTarget section */

/* Begin PBXProject section */
		FECA50C72ECCC7ED0086F1E1 /* Project object */ = {
			isa = PBXProject;
			attributes = {
				BuildIndependentTargetsInParallel = 1;
				LastSwiftUpdateCheck = 2610;
				LastUpgradeCheck = 2610;
				TargetAttributes = {
					FECA50CE2ECCC7ED0086F1E1 = {
						CreatedOnToolsVersion = 26.1;
					};
					FECA50E42ECCC7F80086F1E1 = {
						CreatedOnToolsVersion = 26.1;
						TestTargetID = FECA50CE2ECCC7ED0086F1E1;
					};
					FECA50EE2ECCC7F90086F1E1 = {
						CreatedOnToolsVersion = 26.1;
						TestTargetID = FECA50CE2ECCC7ED0086F1E1;
					};
				};
			};
			buildConfigurationList = FECA50CA2ECCC7ED0086F1E1 /* Build configuration list for PBXProject "Tracker" */;
			developmentRegion = en;
			hasScannedForEncodings = 0;
			knownRegions = (
				en,
				Base,
			);
			mainGroup = FECA50C62ECCC7ED0086F1E1;
			minimizedProjectReferenceProxies = 1;
			preferredProjectObjectVersion = 77;
			productRefGroup = FECA50D02ECCC7ED0086F1E1 /* Products */;
			projectDirPath = "";
			projectRoot = "";
			targets = (
				FECA50CE2ECCC7ED0086F1E1 /* Tracker */,
				FECA50E42ECCC7F80086F1E1 /* TrackerTests */,
				FECA50EE2ECCC7F90086F1E1 /* TrackerUITests */,
			);
		};
/* End PBXProject section */

/* Begin PBXResourcesBuildPhase section */
		FECA50CD2ECCC7ED0086F1E1 /* Resources */ = {
			isa = PBXResourcesBuildPhase;
			buildActionMask = 2147483647;
			files = (
				FE9671732EF09B0A0015C4F8 /* Main.storyboard in Resources */,
				FE9671742EF09B0A0015C4F8 /* Assets.xcassets in Resources */,
			);
			runOnlyForDeploymentPostprocessing = 0;
		};
		FECA50E32ECCC7F80086F1E1 /* Resources */ = {
			isa = PBXResourcesBuildPhase;
			buildActionMask = 2147483647;
			files = (
			);
			runOnlyForDeploymentPostprocessing = 0;
		};
		FECA50ED2ECCC7F90086F1E1 /* Resources */ = {
			isa = PBXResourcesBuildPhase;
			buildActionMask = 2147483647;
			files = (
			);
			runOnlyForDeploymentPostprocessing = 0;
		};
/* End PBXResourcesBuildPhase section */

/* Begin PBXSourcesBuildPhase section */
		FECA50CB2ECCC7ED0086F1E1 /* Sources */ = {
			isa = PBXSourcesBuildPhase;
			buildActionMask = 2147483647;
			files = (
				FE2F6E252EF0939900059D10 /* TrackerDataModel.xcdatamodeld .xcdatamodeld in Sources */,
				FE9671512EF09B0A0015C4F8 /* NewTrackerState.swift in Sources */,
				FE9671522EF09B0A0015C4F8 /* ScheduleCellDelegate.swift in Sources */,
				FE9671782EF09B810015C4F8 /* CoreDataStack.swift in Sources */,
				FE9671532EF09B0A0015C4F8 /* StatisticsViewController.swift in Sources */,
				FE9671542EF09B0A0015C4F8 /* ScheduleViewController.swift in Sources */,
				FE9671552EF09B0A0015C4F8 /* EnterNameCellDelegate.swift in Sources */,
				FE9671562EF09B0A0015C4F8 /* AppDelegate.swift in Sources */,
				FE9671572EF09B0A0015C4F8 /* TrackerCategory.swift in Sources */,
				FE9671582EF09B0A0015C4F8 /* SceneDelegate.swift in Sources */,
				FE9671842EF0A8680015C4F8 /* StoreUpdate.swift in Sources */,
				FE9671822EF0A0F40015C4F8 /* TrackerRecordStore.swift in Sources */,
				FE96715A2EF09B0A0015C4F8 /* EnterNameCell.swift in Sources */,
				FE96715B2EF09B0A0015C4F8 /* UIViewExtensions.swift in Sources */,
				FE96715C2EF09B0A0015C4F8 /* DateExtensions.swift in Sources */,
				FE96715D2EF09B0A0015C4F8 /* EmojiCollectionCell.swift in Sources */,
				FE96717E2EF0A0D30015C4F8 /* TrackerStore.swift in Sources */,
				FE96715F2EF09B0A0015C4F8 /* Tracker.swift in Sources */,
				FE9671602EF09B0A0015C4F8 /* NewTrackerParameter.swift in Sources */,
				FE9671882EF0A88C0015C4F8 /* TrackerStoreDelegate.swift in Sources */,
				FE9671612EF09B0A0015C4F8 /* ColorCollectionCell.swift in Sources */,
				FE9671622EF09B0A0015C4F8 /* ParameterCell.swift in Sources */,
				FE9671632EF09B0A0015C4F8 /* LayoutParams.swift in Sources */,
				FE9671642EF09B0A0015C4F8 /* NewTrackerViewController.swift in Sources */,
				FE9671652EF09B0A0015C4F8 /* TrackersListViewController.swift in Sources */,
				FE9671662EF09B0A0015C4F8 /* ScheduleViewControllerDelegate.swift in Sources */,
				FE9671672EF09B0A0015C4F8 /* TrackerCellDelegate.swift in Sources */,
				FE9671682EF09B0A0015C4F8 /* TrackerCell.swift in Sources */,
				FE9671692EF09B0A0015C4F8 /* MainTabBarController.swift in Sources */,
				FE96716A2EF09B0A0015C4F8 /* CustomizationCell.swift in Sources */,
				FE96716B2EF09B0A0015C4F8 /* CustomizationHeaderView.swift in Sources */,
				FE96716C2EF09B0A0015C4F8 /* NewTrackerViewControllerDelegate.swift in Sources */,
				FE96716D2EF09B0A0015C4F8 /* UIViewController+presentSimpleAlert.swift in Sources */,
				FE96716E2EF09B0A0015C4F8 /* ScheduleCell.swift in Sources */,
				FE96716F2EF09B0A0015C4F8 /* Weekday.swift in Sources */,
				FE9671802EF0A0E70015C4F8 /* TrackerCategoryStore.swift in Sources */,
				FE9671702EF09B0A0015C4F8 /* TrackerCategoryHeader.swift in Sources */,
				FE9671712EF09B0A0015C4F8 /* TrackerRecord.swift in Sources */,
				FE9671722EF09B0A0015C4F8 /* Sequence+disableAutoresizingMasks.swift in Sources */,
				FE96718B2EF0A9FE0015C4F8 /* StoreUpdateDelegate.swift in Sources */,
			);
			runOnlyForDeploymentPostprocessing = 0;
		};
		FECA50E12ECCC7F80086F1E1 /* Sources */ = {
			isa = PBXSourcesBuildPhase;
			buildActionMask = 2147483647;
			files = (
			);
			runOnlyForDeploymentPostprocessing = 0;
		};
		FECA50EB2ECCC7F90086F1E1 /* Sources */ = {
			isa = PBXSourcesBuildPhase;
			buildActionMask = 2147483647;
			files = (
			);
			runOnlyForDeploymentPostprocessing = 0;
		};
/* End PBXSourcesBuildPhase section */

/* Begin PBXTargetDependency section */
		FECA50E72ECCC7F80086F1E1 /* PBXTargetDependency */ = {
			isa = PBXTargetDependency;
			target = FECA50CE2ECCC7ED0086F1E1 /* Tracker */;
			targetProxy = FECA50E62ECCC7F80086F1E1 /* PBXContainerItemProxy */;
		};
		FECA50F12ECCC7F90086F1E1 /* PBXTargetDependency */ = {
			isa = PBXTargetDependency;
			target = FECA50CE2ECCC7ED0086F1E1 /* Tracker */;
			targetProxy = FECA50F02ECCC7F90086F1E1 /* PBXContainerItemProxy */;
		};
/* End PBXTargetDependency section */

/* Begin PBXVariantGroup section */
		FE96714D2EF09B0A0015C4F8 /* Main.storyboard */ = {
			isa = PBXVariantGroup;
			children = (
				FE96714C2EF09B0A0015C4F8 /* Base */,
			);
			name = Main.storyboard;
			sourceTree = "<group>";
		};
/* End PBXVariantGroup section */

/* Begin XCBuildConfiguration section */
		FECA50F92ECCC7F90086F1E1 /* Debug */ = {
			isa = XCBuildConfiguration;
			buildSettings = {
				ASSETCATALOG_COMPILER_APPICON_NAME = AppIcon;
				ASSETCATALOG_COMPILER_GLOBAL_ACCENT_COLOR_NAME = AccentColor;
				CODE_SIGN_STYLE = Automatic;
				CURRENT_PROJECT_VERSION = 1;
				DEVELOPMENT_TEAM = XN5ZA5FXUU;
				GENERATE_INFOPLIST_FILE = YES;
				INFOPLIST_FILE = Tracker/Info.plist;
				INFOPLIST_KEY_UIApplicationSupportsIndirectInputEvents = YES;
				INFOPLIST_KEY_UIMainStoryboardFile = Main;
				INFOPLIST_KEY_UIStatusBarStyle = "";
				INFOPLIST_KEY_UISupportedInterfaceOrientations = UIInterfaceOrientationPortrait;
				IPHONEOS_DEPLOYMENT_TARGET = 17.0;
				LD_RUNPATH_SEARCH_PATHS = (
					"$(inherited)",
					"@executable_path/Frameworks",
				);
				MARKETING_VERSION = 1.0;
				PRODUCT_BUNDLE_IDENTIFIER = ru.AylinKA.Tracker;
				PRODUCT_NAME = "$(TARGET_NAME)";
				STRING_CATALOG_GENERATE_SYMBOLS = YES;
				SWIFT_APPROACHABLE_CONCURRENCY = YES;
				SWIFT_DEFAULT_ACTOR_ISOLATION = MainActor;
				SWIFT_EMIT_LOC_STRINGS = YES;
				SWIFT_UPCOMING_FEATURE_MEMBER_IMPORT_VISIBILITY = YES;
				SWIFT_VERSION = 5.0;
				TARGETED_DEVICE_FAMILY = "1,2";
			};
			name = Debug;
		};
		FECA50FA2ECCC7F90086F1E1 /* Release */ = {
			isa = XCBuildConfiguration;
			buildSettings = {
				ASSETCATALOG_COMPILER_APPICON_NAME = AppIcon;
				ASSETCATALOG_COMPILER_GLOBAL_ACCENT_COLOR_NAME = AccentColor;
				CODE_SIGN_STYLE = Automatic;
				CURRENT_PROJECT_VERSION = 1;
				DEVELOPMENT_TEAM = XN5ZA5FXUU;
				GENERATE_INFOPLIST_FILE = YES;
				INFOPLIST_FILE = Tracker/Info.plist;
				INFOPLIST_KEY_UIApplicationSupportsIndirectInputEvents = YES;
				INFOPLIST_KEY_UIMainStoryboardFile = Main;
				INFOPLIST_KEY_UIStatusBarStyle = "";
				INFOPLIST_KEY_UISupportedInterfaceOrientations = UIInterfaceOrientationPortrait;
				IPHONEOS_DEPLOYMENT_TARGET = 17.0;
				LD_RUNPATH_SEARCH_PATHS = (
					"$(inherited)",
					"@executable_path/Frameworks",
				);
				MARKETING_VERSION = 1.0;
				PRODUCT_BUNDLE_IDENTIFIER = ru.AylinKA.Tracker;
				PRODUCT_NAME = "$(TARGET_NAME)";
				STRING_CATALOG_GENERATE_SYMBOLS = YES;
				SWIFT_APPROACHABLE_CONCURRENCY = YES;
				SWIFT_DEFAULT_ACTOR_ISOLATION = MainActor;
				SWIFT_EMIT_LOC_STRINGS = YES;
				SWIFT_UPCOMING_FEATURE_MEMBER_IMPORT_VISIBILITY = YES;
				SWIFT_VERSION = 5.0;
				TARGETED_DEVICE_FAMILY = "1,2";
			};
			name = Release;
		};
		FECA50FB2ECCC7F90086F1E1 /* Debug */ = {
			isa = XCBuildConfiguration;
			buildSettings = {
				ALWAYS_SEARCH_USER_PATHS = NO;
				ASSETCATALOG_COMPILER_GENERATE_SWIFT_ASSET_SYMBOL_EXTENSIONS = YES;
				CLANG_ANALYZER_NONNULL = YES;
				CLANG_ANALYZER_NUMBER_OBJECT_CONVERSION = YES_AGGRESSIVE;
				CLANG_CXX_LANGUAGE_STANDARD = "gnu++20";
				CLANG_ENABLE_MODULES = YES;
				CLANG_ENABLE_OBJC_ARC = YES;
				CLANG_ENABLE_OBJC_WEAK = YES;
				CLANG_WARN_BLOCK_CAPTURE_AUTORELEASING = YES;
				CLANG_WARN_BOOL_CONVERSION = YES;
				CLANG_WARN_COMMA = YES;
				CLANG_WARN_CONSTANT_CONVERSION = YES;
				CLANG_WARN_DEPRECATED_OBJC_IMPLEMENTATIONS = YES;
				CLANG_WARN_DIRECT_OBJC_ISA_USAGE = YES_ERROR;
				CLANG_WARN_DOCUMENTATION_COMMENTS = YES;
				CLANG_WARN_EMPTY_BODY = YES;
				CLANG_WARN_ENUM_CONVERSION = YES;
				CLANG_WARN_INFINITE_RECURSION = YES;
				CLANG_WARN_INT_CONVERSION = YES;
				CLANG_WARN_NON_LITERAL_NULL_CONVERSION = YES;
				CLANG_WARN_OBJC_IMPLICIT_RETAIN_SELF = YES;
				CLANG_WARN_OBJC_LITERAL_CONVERSION = YES;
				CLANG_WARN_OBJC_ROOT_CLASS = YES_ERROR;
				CLANG_WARN_QUOTED_INCLUDE_IN_FRAMEWORK_HEADER = YES;
				CLANG_WARN_RANGE_LOOP_ANALYSIS = YES;
				CLANG_WARN_STRICT_PROTOTYPES = YES;
				CLANG_WARN_SUSPICIOUS_MOVE = YES;
				CLANG_WARN_UNGUARDED_AVAILABILITY = YES_AGGRESSIVE;
				CLANG_WARN_UNREACHABLE_CODE = YES;
				CLANG_WARN__DUPLICATE_METHOD_MATCH = YES;
				COPY_PHASE_STRIP = NO;
				DEBUG_INFORMATION_FORMAT = dwarf;
				DEVELOPMENT_TEAM = XN5ZA5FXUU;
				ENABLE_STRICT_OBJC_MSGSEND = YES;
				ENABLE_TESTABILITY = YES;
				ENABLE_USER_SCRIPT_SANDBOXING = YES;
				GCC_C_LANGUAGE_STANDARD = gnu17;
				GCC_DYNAMIC_NO_PIC = NO;
				GCC_NO_COMMON_BLOCKS = YES;
				GCC_OPTIMIZATION_LEVEL = 0;
				GCC_PREPROCESSOR_DEFINITIONS = (
					"DEBUG=1",
					"$(inherited)",
				);
				GCC_WARN_64_TO_32_BIT_CONVERSION = YES;
				GCC_WARN_ABOUT_RETURN_TYPE = YES_ERROR;
				GCC_WARN_UNDECLARED_SELECTOR = YES;
				GCC_WARN_UNINITIALIZED_AUTOS = YES_AGGRESSIVE;
				GCC_WARN_UNUSED_FUNCTION = YES;
				GCC_WARN_UNUSED_VARIABLE = YES;
				IPHONEOS_DEPLOYMENT_TARGET = 26.1;
				LOCALIZATION_PREFERS_STRING_CATALOGS = YES;
				MTL_ENABLE_DEBUG_INFO = INCLUDE_SOURCE;
				MTL_FAST_MATH = YES;
				ONLY_ACTIVE_ARCH = YES;
				SDKROOT = iphoneos;
				SWIFT_ACTIVE_COMPILATION_CONDITIONS = "DEBUG $(inherited)";
				SWIFT_OPTIMIZATION_LEVEL = "-Onone";
			};
			name = Debug;
		};
		FECA50FC2ECCC7F90086F1E1 /* Release */ = {
			isa = XCBuildConfiguration;
			buildSettings = {
				ALWAYS_SEARCH_USER_PATHS = NO;
				ASSETCATALOG_COMPILER_GENERATE_SWIFT_ASSET_SYMBOL_EXTENSIONS = YES;
				CLANG_ANALYZER_NONNULL = YES;
				CLANG_ANALYZER_NUMBER_OBJECT_CONVERSION = YES_AGGRESSIVE;
				CLANG_CXX_LANGUAGE_STANDARD = "gnu++20";
				CLANG_ENABLE_MODULES = YES;
				CLANG_ENABLE_OBJC_ARC = YES;
				CLANG_ENABLE_OBJC_WEAK = YES;
				CLANG_WARN_BLOCK_CAPTURE_AUTORELEASING = YES;
				CLANG_WARN_BOOL_CONVERSION = YES;
				CLANG_WARN_COMMA = YES;
				CLANG_WARN_CONSTANT_CONVERSION = YES;
				CLANG_WARN_DEPRECATED_OBJC_IMPLEMENTATIONS = YES;
				CLANG_WARN_DIRECT_OBJC_ISA_USAGE = YES_ERROR;
				CLANG_WARN_DOCUMENTATION_COMMENTS = YES;
				CLANG_WARN_EMPTY_BODY = YES;
				CLANG_WARN_ENUM_CONVERSION = YES;
				CLANG_WARN_INFINITE_RECURSION = YES;
				CLANG_WARN_INT_CONVERSION = YES;
				CLANG_WARN_NON_LITERAL_NULL_CONVERSION = YES;
				CLANG_WARN_OBJC_IMPLICIT_RETAIN_SELF = YES;
				CLANG_WARN_OBJC_LITERAL_CONVERSION = YES;
				CLANG_WARN_OBJC_ROOT_CLASS = YES_ERROR;
				CLANG_WARN_QUOTED_INCLUDE_IN_FRAMEWORK_HEADER = YES;
				CLANG_WARN_RANGE_LOOP_ANALYSIS = YES;
				CLANG_WARN_STRICT_PROTOTYPES = YES;
				CLANG_WARN_SUSPICIOUS_MOVE = YES;
				CLANG_WARN_UNGUARDED_AVAILABILITY = YES_AGGRESSIVE;
				CLANG_WARN_UNREACHABLE_CODE = YES;
				CLANG_WARN__DUPLICATE_METHOD_MATCH = YES;
				COPY_PHASE_STRIP = NO;
				DEBUG_INFORMATION_FORMAT = "dwarf-with-dsym";
				DEVELOPMENT_TEAM = XN5ZA5FXUU;
				ENABLE_NS_ASSERTIONS = NO;
				ENABLE_STRICT_OBJC_MSGSEND = YES;
				ENABLE_USER_SCRIPT_SANDBOXING = YES;
				GCC_C_LANGUAGE_STANDARD = gnu17;
				GCC_NO_COMMON_BLOCKS = YES;
				GCC_WARN_64_TO_32_BIT_CONVERSION = YES;
				GCC_WARN_ABOUT_RETURN_TYPE = YES_ERROR;
				GCC_WARN_UNDECLARED_SELECTOR = YES;
				GCC_WARN_UNINITIALIZED_AUTOS = YES_AGGRESSIVE;
				GCC_WARN_UNUSED_FUNCTION = YES;
				GCC_WARN_UNUSED_VARIABLE = YES;
				IPHONEOS_DEPLOYMENT_TARGET = 26.1;
				LOCALIZATION_PREFERS_STRING_CATALOGS = YES;
				MTL_ENABLE_DEBUG_INFO = NO;
				MTL_FAST_MATH = YES;
				SDKROOT = iphoneos;
				SWIFT_COMPILATION_MODE = wholemodule;
				VALIDATE_PRODUCT = YES;
			};
			name = Release;
		};
		FECA50FE2ECCC7F90086F1E1 /* Debug */ = {
			isa = XCBuildConfiguration;
			buildSettings = {
				BUNDLE_LOADER = "$(TEST_HOST)";
				CODE_SIGN_STYLE = Automatic;
				CURRENT_PROJECT_VERSION = 1;
				DEVELOPMENT_TEAM = XN5ZA5FXUU;
				GENERATE_INFOPLIST_FILE = YES;
				IPHONEOS_DEPLOYMENT_TARGET = 26.1;
				MARKETING_VERSION = 1.0;
				PRODUCT_BUNDLE_IDENTIFIER = ru.AylinKA.TrackerTests;
				PRODUCT_NAME = "$(TARGET_NAME)";
				STRING_CATALOG_GENERATE_SYMBOLS = NO;
				SWIFT_APPROACHABLE_CONCURRENCY = YES;
				SWIFT_EMIT_LOC_STRINGS = NO;
				SWIFT_UPCOMING_FEATURE_MEMBER_IMPORT_VISIBILITY = YES;
				SWIFT_VERSION = 5.0;
				TARGETED_DEVICE_FAMILY = "1,2";
				TEST_HOST = "$(BUILT_PRODUCTS_DIR)/Tracker.app/$(BUNDLE_EXECUTABLE_FOLDER_PATH)/Tracker";
			};
			name = Debug;
		};
		FECA50FF2ECCC7F90086F1E1 /* Release */ = {
			isa = XCBuildConfiguration;
			buildSettings = {
				BUNDLE_LOADER = "$(TEST_HOST)";
				CODE_SIGN_STYLE = Automatic;
				CURRENT_PROJECT_VERSION = 1;
				DEVELOPMENT_TEAM = XN5ZA5FXUU;
				GENERATE_INFOPLIST_FILE = YES;
				IPHONEOS_DEPLOYMENT_TARGET = 26.1;
				MARKETING_VERSION = 1.0;
				PRODUCT_BUNDLE_IDENTIFIER = ru.AylinKA.TrackerTests;
				PRODUCT_NAME = "$(TARGET_NAME)";
				STRING_CATALOG_GENERATE_SYMBOLS = NO;
				SWIFT_APPROACHABLE_CONCURRENCY = YES;
				SWIFT_EMIT_LOC_STRINGS = NO;
				SWIFT_UPCOMING_FEATURE_MEMBER_IMPORT_VISIBILITY = YES;
				SWIFT_VERSION = 5.0;
				TARGETED_DEVICE_FAMILY = "1,2";
				TEST_HOST = "$(BUILT_PRODUCTS_DIR)/Tracker.app/$(BUNDLE_EXECUTABLE_FOLDER_PATH)/Tracker";
			};
			name = Release;
		};
		FECA51012ECCC7F90086F1E1 /* Debug */ = {
			isa = XCBuildConfiguration;
			buildSettings = {
				CODE_SIGN_STYLE = Automatic;
				CURRENT_PROJECT_VERSION = 1;
				DEVELOPMENT_TEAM = XN5ZA5FXUU;
				GENERATE_INFOPLIST_FILE = YES;
				MARKETING_VERSION = 1.0;
				PRODUCT_BUNDLE_IDENTIFIER = ru.AylinKA.TrackerUITests;
				PRODUCT_NAME = "$(TARGET_NAME)";
				STRING_CATALOG_GENERATE_SYMBOLS = NO;
				SWIFT_APPROACHABLE_CONCURRENCY = YES;
				SWIFT_EMIT_LOC_STRINGS = NO;
				SWIFT_UPCOMING_FEATURE_MEMBER_IMPORT_VISIBILITY = YES;
				SWIFT_VERSION = 5.0;
				TARGETED_DEVICE_FAMILY = "1,2";
				TEST_TARGET_NAME = Tracker;
			};
			name = Debug;
		};
		FECA51022ECCC7F90086F1E1 /* Release */ = {
			isa = XCBuildConfiguration;
			buildSettings = {
				CODE_SIGN_STYLE = Automatic;
				CURRENT_PROJECT_VERSION = 1;
				DEVELOPMENT_TEAM = XN5ZA5FXUU;
				GENERATE_INFOPLIST_FILE = YES;
				MARKETING_VERSION = 1.0;
				PRODUCT_BUNDLE_IDENTIFIER = ru.AylinKA.TrackerUITests;
				PRODUCT_NAME = "$(TARGET_NAME)";
				STRING_CATALOG_GENERATE_SYMBOLS = NO;
				SWIFT_APPROACHABLE_CONCURRENCY = YES;
				SWIFT_EMIT_LOC_STRINGS = NO;
				SWIFT_UPCOMING_FEATURE_MEMBER_IMPORT_VISIBILITY = YES;
				SWIFT_VERSION = 5.0;
				TARGETED_DEVICE_FAMILY = "1,2";
				TEST_TARGET_NAME = Tracker;
			};
			name = Release;
		};
/* End XCBuildConfiguration section */

/* Begin XCConfigurationList section */
		FECA50CA2ECCC7ED0086F1E1 /* Build configuration list for PBXProject "Tracker" */ = {
			isa = XCConfigurationList;
			buildConfigurations = (
				FECA50FB2ECCC7F90086F1E1 /* Debug */,
				FECA50FC2ECCC7F90086F1E1 /* Release */,
			);
			defaultConfigurationIsVisible = 0;
			defaultConfigurationName = Release;
		};
		FECA50F82ECCC7F90086F1E1 /* Build configuration list for PBXNativeTarget "Tracker" */ = {
			isa = XCConfigurationList;
			buildConfigurations = (
				FECA50F92ECCC7F90086F1E1 /* Debug */,
				FECA50FA2ECCC7F90086F1E1 /* Release */,
			);
			defaultConfigurationIsVisible = 0;
			defaultConfigurationName = Release;
		};
		FECA50FD2ECCC7F90086F1E1 /* Build configuration list for PBXNativeTarget "TrackerTests" */ = {
			isa = XCConfigurationList;
			buildConfigurations = (
				FECA50FE2ECCC7F90086F1E1 /* Debug */,
				FECA50FF2ECCC7F90086F1E1 /* Release */,
			);
			defaultConfigurationIsVisible = 0;
			defaultConfigurationName = Release;
		};
		FECA51002ECCC7F90086F1E1 /* Build configuration list for PBXNativeTarget "TrackerUITests" */ = {
			isa = XCConfigurationList;
			buildConfigurations = (
				FECA51012ECCC7F90086F1E1 /* Debug */,
				FECA51022ECCC7F90086F1E1 /* Release */,
			);
			defaultConfigurationIsVisible = 0;
			defaultConfigurationName = Release;
		};
/* End XCConfigurationList section */

/* Begin XCVersionGroup section */
		FE2F6E232EF0939900059D10 /* TrackerDataModel.xcdatamodeld .xcdatamodeld */ = {
			isa = XCVersionGroup;
			children = (
				FE2F6E242EF0939900059D10 /* TrackerDataModel.xcdatamodeld .xcdatamodel */,
			);
			currentVersion = FE2F6E242EF0939900059D10 /* TrackerDataModel.xcdatamodeld .xcdatamodel */;
			path = "TrackerDataModel.xcdatamodeld .xcdatamodeld";
			sourceTree = "<group>";
			versionGroupType = wrapper.xcdatamodel;
		};
/* End XCVersionGroup section */
	};
	rootObject = FECA50C72ECCC7ED0086F1E1 /* Project object */;
}
